{
  "nodes": {
    "nixpkgs": {
      "locked": {
        "lastModified": 1646955661,
        "narHash": "sha256-AYLta1PubJnrkv15+7G+6ErW5m9NcI9wSdJ+n7pKAe0=",
        "owner": "nixos",
        "repo": "nixpkgs",
        "rev": "e9545762b032559c27d8ec9141ed63ceca1aa1ac",
        "type": "github"
      },
      "original": {
        "owner": "nixos",
        "ref": "nixpkgs-unstable",
        "repo": "nixpkgs",
        "type": "github"
      }
    },
    "root": {
      "inputs": {
        "nixpkgs": "nixpkgs"
      }
    }
  },
  "root": "root",
  "version": 7
}
